
Microsoft Visual Studio Solution File, Format Version 12.00
# Visual Studio Version 17
VisualStudioVersion = 17.3.32922.545
MinimumVisualStudioVersion = 10.0.40219.1
Project("{FAE04EC0-301F-11D3-BF4B-00C04F79EFBC}") = "Open-Lab-10.05", "Open-Lab-10.05\Open-Lab-10.05.csproj", "{620483B2-6322-44B6-9498-4399FF62CB57}"
EndProject
Global
	GlobalSection(SolutionConfigurationPlatforms) = preSolution
		Debug|Any CPU = Debug|Any CPU
		Release|Any CPU = Release|Any CPU
	EndGlobalSection
	GlobalSection(ProjectConfigurationPlatforms) = postSolution
		{620483B2-6322-44B6-9498-4399FF62CB57}.Debug|Any CPU.ActiveCfg = Debug|Any CPU
		{620483B2-6322-44B6-9498-4399FF62CB57}.Debug|Any CPU.Build.0 = Debug|Any CPU
		{620483B2-6322-44B6-9498-4399FF62CB57}.Release|Any CPU.ActiveCfg = Release|Any CPU
		{620483B2-6322-44B6-9498-4399FF62CB57}.Release|Any CPU.Build.0 = Release|Any CPU
	EndGlobalSection
	GlobalSection(SolutionProperties) = preSolution
		HideSolutionNode = FALSE
	EndGlobalSection
	GlobalSection(ExtensibilityGlobals) = postSolution
		SolutionGuid = {F7B27A1A-0E77-4DA1-84F9-A0560EFEA2A6}
	EndGlobalSection
EndGlobal
